
Microsoft Visual Studio Solution File, Format Version 12.00
# Visual Studio Version 16
VisualStudioVersion = 16.0.32106.194
MinimumVisualStudioVersion = 10.0.40219.1
Project("{FAE04EC0-301F-11D3-BF4B-00C04F79EFBC}") = "LotteryClasses", "LotteryClasses\LotteryClasses.csproj", "{99B5C22F-056A-4C43-ACEC-7FD2CBFD4877}"
EndProject
Project("{FAE04EC0-301F-11D3-BF4B-00C04F79EFBC}") = "LotteryApp", "LotteryApp\LotteryApp.csproj", "{7D5B5069-E371-4297-A8BD-954AD8521216}"
EndProject
Project("{FAE04EC0-301F-11D3-BF4B-00C04F79EFBC}") = "LotteryTests", "LotteryTests\LotteryTests.csproj", "{16891A6E-F8D4-40EE-A40D-F72F6EC3D8F7}"
EndProject
Global
	GlobalSection(SolutionConfigurationPlatforms) = preSolution
		Debug|Any CPU = Debug|Any CPU
		Debug|ARM = Debug|ARM
		Debug|ARM64 = Debug|ARM64
		Debug|x64 = Debug|x64
		Debug|x86 = Debug|x86
		Release|Any CPU = Release|Any CPU
		Release|ARM = Release|ARM
		Release|ARM64 = Release|ARM64
		Release|x64 = Release|x64
		Release|x86 = Release|x86
	EndGlobalSection
	GlobalSection(ProjectConfigurationPlatforms) = postSolution
		{99B5C22F-056A-4C43-ACEC-7FD2CBFD4877}.Debug|Any CPU.ActiveCfg = Debug|Any CPU
		{99B5C22F-056A-4C43-ACEC-7FD2CBFD4877}.Debug|Any CPU.Build.0 = Debug|Any CPU
		{99B5C22F-056A-4C43-ACEC-7FD2CBFD4877}.Debug|ARM.ActiveCfg = Debug|ARM
		{99B5C22F-056A-4C43-ACEC-7FD2CBFD4877}.Debug|ARM.Build.0 = Debug|ARM
		{99B5C22F-056A-4C43-ACEC-7FD2CBFD4877}.Debug|ARM64.ActiveCfg = Debug|ARM64
		{99B5C22F-056A-4C43-ACEC-7FD2CBFD4877}.Debug|ARM64.Build.0 = Debug|ARM64
		{99B5C22F-056A-4C43-ACEC-7FD2CBFD4877}.Debug|x64.ActiveCfg = Debug|x64
		{99B5C22F-056A-4C43-ACEC-7FD2CBFD4877}.Debug|x64.Build.0 = Debug|x64
		{99B5C22F-056A-4C43-ACEC-7FD2CBFD4877}.Debug|x86.ActiveCfg = Debug|x86
		{99B5C22F-056A-4C43-ACEC-7FD2CBFD4877}.Debug|x86.Build.0 = Debug|x86
		{99B5C22F-056A-4C43-ACEC-7FD2CBFD4877}.Release|Any CPU.ActiveCfg = Release|Any CPU
		{99B5C22F-056A-4C43-ACEC-7FD2CBFD4877}.Release|Any CPU.Build.0 = Release|Any CPU
		{99B5C22F-056A-4C43-ACEC-7FD2CBFD4877}.Release|ARM.ActiveCfg = Release|ARM
		{99B5C22F-056A-4C43-ACEC-7FD2CBFD4877}.Release|ARM.Build.0 = Release|ARM
		{99B5C22F-056A-4C43-ACEC-7FD2CBFD4877}.Release|ARM64.ActiveCfg = Release|ARM64
		{99B5C22F-056A-4C43-ACEC-7FD2CBFD4877}.Release|ARM64.Build.0 = Release|ARM64
		{99B5C22F-056A-4C43-ACEC-7FD2CBFD4877}.Release|x64.ActiveCfg = Release|x64
		{99B5C22F-056A-4C43-ACEC-7FD2CBFD4877}.Release|x64.Build.0 = Release|x64
		{99B5C22F-056A-4C43-ACEC-7FD2CBFD4877}.Release|x86.ActiveCfg = Release|x86
		{99B5C22F-056A-4C43-ACEC-7FD2CBFD4877}.Release|x86.Build.0 = Release|x86
		{7D5B5069-E371-4297-A8BD-954AD8521216}.Debug|Any CPU.ActiveCfg = Debug|x86
		{7D5B5069-E371-4297-A8BD-954AD8521216}.Debug|Any CPU.Build.0 = Debug|x86
		{7D5B5069-E371-4297-A8BD-954AD8521216}.Debug|Any CPU.Deploy.0 = Debug|x86
		{7D5B5069-E371-4297-A8BD-954AD8521216}.Debug|ARM.ActiveCfg = Debug|ARM
		{7D5B5069-E371-4297-A8BD-954AD8521216}.Debug|ARM.Build.0 = Debug|ARM
		{7D5B5069-E371-4297-A8BD-954AD8521216}.Debug|ARM.Deploy.0 = Debug|ARM
		{7D5B5069-E371-4297-A8BD-954AD8521216}.Debug|ARM64.ActiveCfg = Debug|ARM64
		{7D5B5069-E371-4297-A8BD-954AD8521216}.Debug|ARM64.Build.0 = Debug|ARM64
		{7D5B5069-E371-4297-A8BD-954AD8521216}.Debug|ARM64.Deploy.0 = Debug|ARM64
		{7D5B5069-E371-4297-A8BD-954AD8521216}.Debug|x64.ActiveCfg = Debug|x64
		{7D5B5069-E371-4297-A8BD-954AD8521216}.Debug|x64.Build.0 = Debug|x64
		{7D5B5069-E371-4297-A8BD-954AD8521216}.Debug|x64.Deploy.0 = Debug|x64
		{7D5B5069-E371-4297-A8BD-954AD8521216}.Debug|x86.ActiveCfg = Debug|x86
		{7D5B5069-E371-4297-A8BD-954AD8521216}.Debug|x86.Build.0 = Debug|x86
		{7D5B5069-E371-4297-A8BD-954AD8521216}.Debug|x86.Deploy.0 = Debug|x86
		{7D5B5069-E371-4297-A8BD-954AD8521216}.Release|Any CPU.ActiveCfg = Release|x86
		{7D5B5069-E371-4297-A8BD-954AD8521216}.Release|ARM.ActiveCfg = Release|ARM
		{7D5B5069-E371-4297-A8BD-954AD8521216}.Release|ARM.Build.0 = Release|ARM
		{7D5B5069-E371-4297-A8BD-954AD8521216}.Release|ARM.Deploy.0 = Release|ARM
		{7D5B5069-E371-4297-A8BD-954AD8521216}.Release|ARM64.ActiveCfg = Release|ARM64
		{7D5B5069-E371-4297-A8BD-954AD8521216}.Release|ARM64.Build.0 = Release|ARM64
		{7D5B5069-E371-4297-A8BD-954AD8521216}.Release|ARM64.Deploy.0 = Release|ARM64
		{7D5B5069-E371-4297-A8BD-954AD8521216}.Release|x64.ActiveCfg = Release|x64
		{7D5B5069-E371-4297-A8BD-954AD8521216}.Release|x64.Build.0 = Release|x64
		{7D5B5069-E371-4297-A8BD-954AD8521216}.Release|x64.Deploy.0 = Release|x64
		{7D5B5069-E371-4297-A8BD-954AD8521216}.Release|x86.ActiveCfg = Release|x86
		{7D5B5069-E371-4297-A8BD-954AD8521216}.Release|x86.Build.0 = Release|x86
		{7D5B5069-E371-4297-A8BD-954AD8521216}.Release|x86.Deploy.0 = Release|x86
		{16891A6E-F8D4-40EE-A40D-F72F6EC3D8F7}.Debug|Any CPU.ActiveCfg = Debug|x86
		{16891A6E-F8D4-40EE-A40D-F72F6EC3D8F7}.Debug|Any CPU.Build.0 = Debug|x86
		{16891A6E-F8D4-40EE-A40D-F72F6EC3D8F7}.Debug|ARM.ActiveCfg = Debug|ARM
		{16891A6E-F8D4-40EE-A40D-F72F6EC3D8F7}.Debug|ARM.Build.0 = Debug|ARM
		{16891A6E-F8D4-40EE-A40D-F72F6EC3D8F7}.Debug|ARM.Deploy.0 = Debug|ARM
		{16891A6E-F8D4-40EE-A40D-F72F6EC3D8F7}.Debug|ARM64.ActiveCfg = Debug|ARM64
		{16891A6E-F8D4-40EE-A40D-F72F6EC3D8F7}.Debug|ARM64.Build.0 = Debug|ARM64
		{16891A6E-F8D4-40EE-A40D-F72F6EC3D8F7}.Debug|ARM64.Deploy.0 = Debug|ARM64
		{16891A6E-F8D4-40EE-A40D-F72F6EC3D8F7}.Debug|x64.ActiveCfg = Debug|x64
		{16891A6E-F8D4-40EE-A40D-F72F6EC3D8F7}.Debug|x64.Build.0 = Debug|x64
		{16891A6E-F8D4-40EE-A40D-F72F6EC3D8F7}.Debug|x64.Deploy.0 = Debug|x64
		{16891A6E-F8D4-40EE-A40D-F72F6EC3D8F7}.Debug|x86.ActiveCfg = Debug|x86
		{16891A6E-F8D4-40EE-A40D-F72F6EC3D8F7}.Debug|x86.Build.0 = Debug|x86
		{16891A6E-F8D4-40EE-A40D-F72F6EC3D8F7}.Debug|x86.Deploy.0 = Debug|x86
		{16891A6E-F8D4-40EE-A40D-F72F6EC3D8F7}.Release|Any CPU.ActiveCfg = Release|x86
		{16891A6E-F8D4-40EE-A40D-F72F6EC3D8F7}.Release|ARM.ActiveCfg = Release|ARM
		{16891A6E-F8D4-40EE-A40D-F72F6EC3D8F7}.Release|ARM.Build.0 = Release|ARM
		{16891A6E-F8D4-40EE-A40D-F72F6EC3D8F7}.Release|ARM.Deploy.0 = Release|ARM
		{16891A6E-F8D4-40EE-A40D-F72F6EC3D8F7}.Release|ARM64.ActiveCfg = Release|ARM64
		{16891A6E-F8D4-40EE-A40D-F72F6EC3D8F7}.Release|ARM64.Build.0 = Release|ARM64
		{16891A6E-F8D4-40EE-A40D-F72F6EC3D8F7}.Release|ARM64.Deploy.0 = Release|ARM64
		{16891A6E-F8D4-40EE-A40D-F72F6EC3D8F7}.Release|x64.ActiveCfg = Release|x64
		{16891A6E-F8D4-40EE-A40D-F72F6EC3D8F7}.Release|x64.Build.0 = Release|x64
		{16891A6E-F8D4-40EE-A40D-F72F6EC3D8F7}.Release|x64.Deploy.0 = Release|x64
		{16891A6E-F8D4-40EE-A40D-F72F6EC3D8F7}.Release|x86.ActiveCfg = Release|x86
		{16891A6E-F8D4-40EE-A40D-F72F6EC3D8F7}.Release|x86.Build.0 = Release|x86
		{16891A6E-F8D4-40EE-A40D-F72F6EC3D8F7}.Release|x86.Deploy.0 = Release|x86
	EndGlobalSection
	GlobalSection(SolutionProperties) = preSolution
		HideSolutionNode = FALSE
	EndGlobalSection
	GlobalSection(ExtensibilityGlobals) = postSolution
		SolutionGuid = {84143328-601A-432D-9FBC-4BB66C141D67}
	EndGlobalSection
EndGlobal
